// !$*UTF8*$!
{
	archiveVersion = 1;
	classes = {
	};
	objectVersion = 50;
	objects = {

/* Begin PBXBuildFile section */
		3C5FC3EF24F4F0BE00E65109 /* AppDelegate.swift in Sources */ = {isa = PBXBuildFile; fileRef = 3C5FC3EE24F4F0BE00E65109 /* AppDelegate.swift */; };
		3C5FC3F124F4F0BE00E65109 /* SceneDelegate.swift in Sources */ = {isa = PBXBuildFile; fileRef = 3C5FC3F024F4F0BE00E65109 /* SceneDelegate.swift */; };
		3C5FC3F324F4F0BE00E65109 /* ViewController.swift in Sources */ = {isa = PBXBuildFile; fileRef = 3C5FC3F224F4F0BE00E65109 /* ViewController.swift */; };
		3C5FC3F624F4F0BE00E65109 /* Main.storyboard in Resources */ = {isa = PBXBuildFile; fileRef = 3C5FC3F424F4F0BE00E65109 /* Main.storyboard */; };
		3C5FC3F824F4F0BF00E65109 /* Assets.xcassets in Resources */ = {isa = PBXBuildFile; fileRef = 3C5FC3F724F4F0BF00E65109 /* Assets.xcassets */; };
		3C5FC3FB24F4F0BF00E65109 /* LaunchScreen.storyboard in Resources */ = {isa = PBXBuildFile; fileRef = 3C5FC3F924F4F0BF00E65109 /* LaunchScreen.storyboard */; };
/* End PBXBuildFile section */

/* Begin PBXFileReference section */
		3C5FC3EB24F4F0BE00E65109 /* ViewProgramingCode.app */ = {isa = PBXFileReference; explicitFileType = wrapper.application; includeInIndex = 0; path = ViewProgramingCode.app; sourceTree = BUILT_PRODUCTS_DIR; };
		3C5FC3EE24F4F0BE00E65109 /* AppDelegate.swift */ = {isa = PBXFileReference; lastKnownFileType = sourcecode.swift; path = AppDelegate.swift; sourceTree = "<group>"; };
		3C5FC3F024F4F0BE00E65109 /* SceneDelegate.swift */ = {isa = PBXFileReference; lastKnownFileType = sourcecode.swift; path = SceneDelegate.swift; sourceTree = "<group>"; };
		3C5FC3F224F4F0BE00E65109 /* ViewController.swift */ = {isa = PBXFileReference; lastKnownFileType = sourcecode.swift; path = ViewController.swift; sourceTree = "<group>"; };
		3C5FC3F524F4F0BE00E65109 /* Base */ = {isa = PBXFileReference; lastKnownFileType = file.storyboard; name = Base; path = Base.lproj/Main.storyboard; sourceTree = "<group>"; };
		3C5FC3F724F4F0BF00E65109 /* Assets.xcassets */ = {isa = PBXFileReference; lastKnownFileType = folder.assetcatalog; path = Assets.xcassets; sourceTree = "<group>"; };
		3C5FC3FA24F4F0BF00E65109 /* Base */ = {isa = PBXFileReference; lastKnownFileType = file.storyboard; name = Base; path = Base.lproj/LaunchScreen.storyboard; sourceTree = "<group>"; };
		3C5FC3FC24F4F0BF00E65109 /* Info.plist */ = {isa = PBXFileReference; lastKnownFileType = text.plist.xml; path = Info.plist; sourceTree = "<group>"; };
/* End PBXFileReference section */

/* Begin PBXFrameworksBuildPhase section */
		3C5FC3E824F4F0BE00E65109 /* Frameworks */ = {
			isa = PBXFrameworksBuildPhase;
			buildActionMask = 2147483647;
			files = (
			);
			runOnlyForDeploymentPostprocessing = 0;
		};
/* End PBXFrameworksBuildPhase section */

/* Begin PBXGroup section */
		3C5FC3E224F4F0BE00E65109 = {
			isa = PBXGroup;
			children = (
				3C5FC3ED24F4F0BE00E65109 /* ViewProgramingCode */,
				3C5FC3EC24F4F0BE00E65109 /* Products */,
			);
			sourceTree = "<group>";
		};
		3C5FC3EC24F4F0BE00E65109 /* Products */ = {
			isa = PBXGroup;
			children = (
				3C5FC3EB24F4F0BE00E65109 /* ViewProgramingCode.app */,
			);
			name = Products;
			sourceTree = "<group>";
		};
		3C5FC3ED24F4F0BE00E65109 /* ViewProgramingCode */ = {
			isa = PBXGroup;
			children = (
				3C5FC3EE24F4F0BE00E65109 /* AppDelegate.swift */,
				3C5FC3F024F4F0BE00E65109 /* SceneDelegate.swift */,
				3C5FC3F224F4F0BE00E65109 /* ViewController.swift */,
				3C5FC3F424F4F0BE00E65109 /* Main.storyboard */,
				3C5FC3F724F4F0BF00E65109 /* Assets.xcassets */,
				3C5FC3F924F4F0BF00E65109 /* LaunchScreen.storyboard */,
				3C5FC3FC24F4F0BF00E65109 /* Info.plist */,
			);
			path = ViewProgramingCode;
			sourceTree = "<group>";
		};
/* End PBXGroup section */

/* Begin PBXNativeTarget section */
		3C5FC3EA24F4F0BE00E65109 /* ViewProgramingCode */ = {
			isa = PBXNativeTarget;
			buildConfigurationList = 3C5FC3FF24F4F0BF00E65109 /* Build configuration list for PBXNativeTarget "ViewProgramingCode" */;
			buildPhases = (
				3C5FC3E724F4F0BE00E65109 /* Sources */,
				3C5FC3E824F4F0BE00E65109 /* Frameworks */,
				3C5FC3E924F4F0BE00E65109 /* Resources */,
			);
			buildRules = (
			);
			dependencies = (
			);
			name = ViewProgramingCode;
			productName = ViewProgramingCode;
			productReference = 3C5FC3EB24F4F0BE00E65109 /* ViewProgramingCode.app */;
			productType = "com.apple.product-type.application";
		};
/* End PBXNativeTarget section */

/* Begin PBXProject section */
		3C5FC3E324F4F0BE00E65109 /* Project object */ = {
			isa = PBXProject;
			attributes = {
				LastSwiftUpdateCheck = 1150;
				LastUpgradeCheck = 1150;
				ORGANIZATIONNAME = "Jin-Hyuck";
				TargetAttributes = {
					3C5FC3EA24F4F0BE00E65109 = {
						CreatedOnToolsVersion = 11.5;
					};
				};
			};
			buildConfigurationList = 3C5FC3E624F4F0BE00E65109 /* Build configuration list for PBXProject "ViewProgramingCode" */;
			compatibilityVersion = "Xcode 9.3";
			developmentRegion = en;
			hasScannedForEncodings = 0;
			knownRegions = (
				en,
				Base,
			);
			mainGroup = 3C5FC3E224F4F0BE00E65109;
			productRefGroup = 3C5FC3EC24F4F0BE00E65109 /* Products */;
			projectDirPath = "";
			projectRoot = "";
			targets = (
				3C5FC3EA24F4F0BE00E65109 /* ViewProgramingCode */,
			);
		};
/* End PBXProject section */

/* Begin PBXResourcesBuildPhase section */
		3C5FC3E924F4F0BE00E65109 /* Resources */ = {
			isa = PBXResourcesBuildPhase;
			buildActionMask = 2147483647;
			files = (
				3C5FC3FB24F4F0BF00E65109 /* LaunchScreen.storyboard in Resources */,
				3C5FC3F824F4F0BF00E65109 /* Assets.xcassets in Resources */,
				3C5FC3F624F4F0BE00E65109 /* Main.storyboard in Resources */,
			);
			runOnlyForDeploymentPostprocessing = 0;
		};
/* End PBXResourcesBuildPhase section */

/* Begin PBXSourcesBuildPhase section */
		3C5FC3E724F4F0BE00E65109 /* Sources */ = {
			isa = PBXSourcesBuildPhase;
			buildActionMask = 2147483647;
			files = (
				3C5FC3F324F4F0BE00E65109 /* ViewController.swift in Sources */,
				3C5FC3EF24F4F0BE00E65109 /* AppDelegate.swift in Sources */,
				3C5FC3F124F4F0BE00E65109 /* SceneDelegate.swift in Sources */,
			);
			runOnlyForDeploymentPostprocessing = 0;
		};
/* End PBXSourcesBuildPhase section */

/* Begin PBXVariantGroup section */
		3C5FC3F424F4F0BE00E65109 /* Main.storyboard */ = {
			isa = PBXVariantGroup;
			children = (
				3C5FC3F524F4F0BE00E65109 /* Base */,
			);
			name = Main.storyboard;
			sourceTree = "<group>";
		};
		3C5FC3F924F4F0BF00E65109 /* LaunchScreen.storyboard */ = {
			isa = PBXVariantGroup;
			children = (
				3C5FC3FA24F4F0BF00E65109 /* Base */,
			);
			name = LaunchScreen.storyboard;
			sourceTree = "<group>";
		};
/* End PBXVariantGroup section */

/* Begin XCBuildConfiguration section */
		3C5FC3FD24F4F0BF00E65109 /* Debug */ = {
			isa = XCBuildConfiguration;
			buildSettings = {
				ALWAYS_SEARCH_USER_PATHS = NO;
				CLANG_ANALYZER_NONNULL = YES;
				CLANG_ANALYZER_NUMBER_OBJECT_CONVERSION = YES_AGGRESSIVE;
				CLANG_CXX_LANGUAGE_STANDARD = "gnu++14";
				CLANG_CXX_LIBRARY = "libc++";
				CLANG_ENABLE_MODULES = YES;
				CLANG_ENABLE_OBJC_ARC = YES;
				CLANG_ENABLE_OBJC_WEAK = YES;
				CLANG_WARN_BLOCK_CAPTURE_AUTORELEASING = YES;
				CLANG_WARN_BOOL_CONVERSION = YES;
				CLANG_WARN_COMMA = YES;
				CLANG_WARN_CONSTANT_CONVERSION = YES;
				CLANG_WARN_DEPRECATED_OBJC_IMPLEMENTATIONS = YES;
				CLANG_WARN_DIRECT_OBJC_ISA_USAGE = YES_ERROR;
				CLANG_WARN_DOCUMENTATION_COMMENTS = YES;
				CLANG_WARN_EMPTY_BODY = YES;
				CLANG_WARN_ENUM_CONVERSION = YES;
				CLANG_WARN_INFINITE_RECURSION = YES;
				CLANG_WARN_INT_CONVERSION = YES;
				CLANG_WARN_NON_LITERAL_NULL_CONVERSION = YES;
				CLANG_WARN_OBJC_IMPLICIT_RETAIN_SELF = YES;
				CLANG_WARN_OBJC_LITERAL_CONVERSION = YES;
				CLANG_WARN_OBJC_ROOT_CLASS = YES_ERROR;
				CLANG_WARN_RANGE_LOOP_ANALYSIS = YES;
				CLANG_WARN_STRICT_PROTOTYPES = YES;
				CLANG_WARN_SUSPICIOUS_MOVE = YES;
				CLANG_WARN_UNGUARDED_AVAILABILITY = YES_AGGRESSIVE;
				CLANG_WARN_UNREACHABLE_CODE = YES;
				CLANG_WARN__DUPLICATE_METHOD_MATCH = YES;
				COPY_PHASE_STRIP = NO;
				DEBUG_INFORMATION_FORMAT = dwarf;
				ENABLE_STRICT_OBJC_MSGSEND = YES;
				ENABLE_TESTABILITY = YES;
				GCC_C_LANGUAGE_STANDARD = gnu11;
				GCC_DYNAMIC_NO_PIC = NO;
				GCC_NO_COMMON_BLOCKS = YES;
				GCC_OPTIMIZATION_LEVEL = 0;
				GCC_PREPROCESSOR_DEFINITIONS = (
					"DEBUG=1",
					"$(inherited)",
				);
				GCC_WARN_64_TO_32_BIT_CONVERSION = YES;
				GCC_WARN_ABOUT_RETURN_TYPE = YES_ERROR;
				GCC_WARN_UNDECLARED_SELECTOR = YES;
				GCC_WARN_UNINITIALIZED_AUTOS = YES_AGGRESSIVE;
				GCC_WARN_UNUSED_FUNCTION = YES;
				GCC_WARN_UNUSED_VARIABLE = YES;
				IPHONEOS_DEPLOYMENT_TARGET = 13.5;
				MTL_ENABLE_DEBUG_INFO = INCLUDE_SOURCE;
				MTL_FAST_MATH = YES;
				ONLY_ACTIVE_ARCH = YES;
				SDKROOT = iphoneos;
				SWIFT_ACTIVE_COMPILATION_CONDITIONS = DEBUG;
				SWIFT_OPTIMIZATION_LEVEL = "-Onone";
			};
			name = Debug;
		};
		3C5FC3FE24F4F0BF00E65109 /* Release */ = {
			isa = XCBuildConfiguration;
			buildSettings = {
				ALWAYS_SEARCH_USER_PATHS = NO;
				CLANG_ANALYZER_NONNULL = YES;
				CLANG_ANALYZER_NUMBER_OBJECT_CONVERSION = YES_AGGRESSIVE;
				CLANG_CXX_LANGUAGE_STANDARD = "gnu++14";
				CLANG_CXX_LIBRARY = "libc++";
				CLANG_ENABLE_MODULES = YES;
				CLANG_ENABLE_OBJC_ARC = YES;
				CLANG_ENABLE_OBJC_WEAK = YES;
				CLANG_WARN_BLOCK_CAPTURE_AUTORELEASING = YES;
				CLANG_WARN_BOOL_CONVERSION = YES;
				CLANG_WARN_COMMA = YES;
				CLANG_WARN_CONSTANT_CONVERSION = YES;
				CLANG_WARN_DEPRECATED_OBJC_IMPLEMENTATIONS = YES;
				CLANG_WARN_DIRECT_OBJC_ISA_USAGE = YES_ERROR;
				CLANG_WARN_DOCUMENTATION_COMMENTS = YES;
				CLANG_WARN_EMPTY_BODY = YES;
				CLANG_WARN_ENUM_CONVERSION = YES;
				CLANG_WARN_INFINITE_RECURSION = YES;
				CLANG_WARN_INT_CONVERSION = YES;
				CLANG_WARN_NON_LITERAL_NULL_CONVERSION = YES;
				CLANG_WARN_OBJC_IMPLICIT_RETAIN_SELF = YES;
				CLANG_WARN_OBJC_LITERAL_CONVERSION = YES;
				CLANG_WARN_OBJC_ROOT_CLASS = YES_ERROR;
				CLANG_WARN_RANGE_LOOP_ANALYSIS = YES;
				CLANG_WARN_STRICT_PROTOTYPES = YES;
				CLANG_WARN_SUSPICIOUS_MOVE = YES;
				CLANG_WARN_UNGUARDED_AVAILABILITY = YES_AGGRESSIVE;
				CLANG_WARN_UNREACHABLE_CODE = YES;
				CLANG_WARN__DUPLICATE_METHOD_MATCH = YES;
				COPY_PHASE_STRIP = NO;
				DEBUG_INFORMATION_FORMAT = "dwarf-with-dsym";
				ENABLE_NS_ASSERTIONS = NO;
				ENABLE_STRICT_OBJC_MSGSEND = YES;
				GCC_C_LANGUAGE_STANDARD = gnu11;
				GCC_NO_COMMON_BLOCKS = YES;
				GCC_WARN_64_TO_32_BIT_CONVERSION = YES;
				GCC_WARN_ABOUT_RETURN_TYPE = YES_ERROR;
				GCC_WARN_UNDECLARED_SELECTOR = YES;
				GCC_WARN_UNINITIALIZED_AUTOS = YES_AGGRESSIVE;
				GCC_WARN_UNUSED_FUNCTION = YES;
				GCC_WARN_UNUSED_VARIABLE = YES;
				IPHONEOS_DEPLOYMENT_TARGET = 13.5;
				MTL_ENABLE_DEBUG_INFO = NO;
				MTL_FAST_MATH = YES;
				SDKROOT = iphoneos;
				SWIFT_COMPILATION_MODE = wholemodule;
				SWIFT_OPTIMIZATION_LEVEL = "-O";
				VALIDATE_PRODUCT = YES;
			};
			name = Release;
		};
		3C5FC40024F4F0BF00E65109 /* Debug */ = {
			isa = XCBuildConfiguration;
			buildSettings = {
				ASSETCATALOG_COMPILER_APPICON_NAME = AppIcon;
				CODE_SIGN_STYLE = Automatic;
				INFOPLIST_FILE = ViewProgramingCode/Info.plist;
				LD_RUNPATH_SEARCH_PATHS = (
					"$(inherited)",
					"@executable_path/Frameworks",
				);
				PRODUCT_BUNDLE_IDENTIFIER = com.jhstudio.ViewProgramingCode;
				PRODUCT_NAME = "$(TARGET_NAME)";
				SWIFT_VERSION = 5.0;
				TARGETED_DEVICE_FAMILY = "1,2";
			};
			name = Debug;
		};
		3C5FC40124F4F0BF00E65109 /* Release */ = {
			isa = XCBuildConfiguration;
			buildSettings = {
				ASSETCATALOG_COMPILER_APPICON_NAME = AppIcon;
				CODE_SIGN_STYLE = Automatic;
				INFOPLIST_FILE = ViewProgramingCode/Info.plist;
				LD_RUNPATH_SEARCH_PATHS = (
					"$(inherited)",
					"@executable_path/Frameworks",
				);
				PRODUCT_BUNDLE_IDENTIFIER = com.jhstudio.ViewProgramingCode;
				PRODUCT_NAME = "$(TARGET_NAME)";
				SWIFT_VERSION = 5.0;
				TARGETED_DEVICE_FAMILY = "1,2";
			};
			name = Release;
		};
/* End XCBuildConfiguration section */

/* Begin XCConfigurationList section */
		3C5FC3E624F4F0BE00E65109 /* Build configuration list for PBXProject "ViewProgramingCode" */ = {
			isa = XCConfigurationList;
			buildConfigurations = (
				3C5FC3FD24F4F0BF00E65109 /* Debug */,
				3C5FC3FE24F4F0BF00E65109 /* Release */,
			);
			defaultConfigurationIsVisible = 0;
			defaultConfigurationName = Release;
		};
		3C5FC3FF24F4F0BF00E65109 /* Build configuration list for PBXNativeTarget "ViewProgramingCode" */ = {
			isa = XCConfigurationList;
			buildConfigurations = (
				3C5FC40024F4F0BF00E65109 /* Debug */,
				3C5FC40124F4F0BF00E65109 /* Release */,
			);
			defaultConfigurationIsVisible = 0;
			defaultConfigurationName = Release;
		};
/* End XCConfigurationList section */
	};
	rootObject = 3C5FC3E324F4F0BE00E65109 /* Project object */;
}
